
Microsoft Visual Studio Solution File, Format Version 12.00
# Visual Studio Version 16
VisualStudioVersion = 16.0.28803.352
MinimumVisualStudioVersion = 10.0.40219.1
Project("{FAE04EC0-301F-11D3-BF4B-00C04F79EFBC}") = "CarLot", "CarLot.csproj", "{BCC2034B-44DC-4279-A73F-8685D698EF07}"
EndProject
Global
	GlobalSection(SolutionConfigurationPlatforms) = preSolution
		Debug|Any CPU = Debug|Any CPU
		Release|Any CPU = Release|Any CPU
	EndGlobalSection
	GlobalSection(ProjectConfigurationPlatforms) = postSolution
		{BCC2034B-44DC-4279-A73F-8685D698EF07}.Debug|Any CPU.ActiveCfg = Debug|Any CPU
		{BCC2034B-44DC-4279-A73F-8685D698EF07}.Debug|Any CPU.Build.0 = Debug|Any CPU
		{BCC2034B-44DC-4279-A73F-8685D698EF07}.Release|Any CPU.ActiveCfg = Release|Any CPU
		{BCC2034B-44DC-4279-A73F-8685D698EF07}.Release|Any CPU.Build.0 = Release|Any CPU
	EndGlobalSection
	GlobalSection(SolutionProperties) = preSolution
		HideSolutionNode = FALSE
	EndGlobalSection
	GlobalSection(ExtensibilityGlobals) = postSolution
		SolutionGuid = {032CBE7F-FD80-4517-889F-930C33DF5B2F}
	EndGlobalSection
EndGlobal
